
Microsoft Visual Studio Solution File, Format Version 12.00
# Visual Studio Version 16
VisualStudioVersion = 16.0.29123.88
MinimumVisualStudioVersion = 15.0.26124.0
Project("{9A19103F-16F7-4668-BE54-9A1E7A4F7556}") = "BookStore.Domain", "BookStore.Domain\BookStore.Domain.csproj", "{53614A95-F5A1-4B90-A648-66AFFDCB9032}"
EndProject
Project("{9A19103F-16F7-4668-BE54-9A1E7A4F7556}") = "BookStore.Infra", "BookStore.Infra\BookStore.Infra.csproj", "{F76CD08F-3312-45AD-A343-4FC3E43575D3}"
EndProject
Project("{9A19103F-16F7-4668-BE54-9A1E7A4F7556}") = "BookStore.Service", "BookStore.Service\BookStore.Service.csproj", "{C288DAC7-E46D-49DD-BDA6-07056718CCD1}"
EndProject
Project("{9A19103F-16F7-4668-BE54-9A1E7A4F7556}") = "BookStore.WebApp", "BookStore.WebApp\BookStore.WebApp.csproj", "{0990355F-2268-4DEE-8A48-113375CDC175}"
EndProject
Global
	GlobalSection(SolutionConfigurationPlatforms) = preSolution
		Debug|Any CPU = Debug|Any CPU
		Debug|x64 = Debug|x64
		Debug|x86 = Debug|x86
		Release|Any CPU = Release|Any CPU
		Release|x64 = Release|x64
		Release|x86 = Release|x86
	EndGlobalSection
	GlobalSection(ProjectConfigurationPlatforms) = postSolution
		{53614A95-F5A1-4B90-A648-66AFFDCB9032}.Debug|Any CPU.ActiveCfg = Debug|Any CPU
		{53614A95-F5A1-4B90-A648-66AFFDCB9032}.Debug|Any CPU.Build.0 = Debug|Any CPU
		{53614A95-F5A1-4B90-A648-66AFFDCB9032}.Debug|x64.ActiveCfg = Debug|Any CPU
		{53614A95-F5A1-4B90-A648-66AFFDCB9032}.Debug|x64.Build.0 = Debug|Any CPU
		{53614A95-F5A1-4B90-A648-66AFFDCB9032}.Debug|x86.ActiveCfg = Debug|Any CPU
		{53614A95-F5A1-4B90-A648-66AFFDCB9032}.Debug|x86.Build.0 = Debug|Any CPU
		{53614A95-F5A1-4B90-A648-66AFFDCB9032}.Release|Any CPU.ActiveCfg = Release|Any CPU
		{53614A95-F5A1-4B90-A648-66AFFDCB9032}.Release|Any CPU.Build.0 = Release|Any CPU
		{53614A95-F5A1-4B90-A648-66AFFDCB9032}.Release|x64.ActiveCfg = Release|Any CPU
		{53614A95-F5A1-4B90-A648-66AFFDCB9032}.Release|x64.Build.0 = Release|Any CPU
		{53614A95-F5A1-4B90-A648-66AFFDCB9032}.Release|x86.ActiveCfg = Release|Any CPU
		{53614A95-F5A1-4B90-A648-66AFFDCB9032}.Release|x86.Build.0 = Release|Any CPU
		{F76CD08F-3312-45AD-A343-4FC3E43575D3}.Debug|Any CPU.ActiveCfg = Debug|Any CPU
		{F76CD08F-3312-45AD-A343-4FC3E43575D3}.Debug|Any CPU.Build.0 = Debug|Any CPU
		{F76CD08F-3312-45AD-A343-4FC3E43575D3}.Debug|x64.ActiveCfg = Debug|Any CPU
		{F76CD08F-3312-45AD-A343-4FC3E43575D3}.Debug|x64.Build.0 = Debug|Any CPU
		{F76CD08F-3312-45AD-A343-4FC3E43575D3}.Debug|x86.ActiveCfg = Debug|Any CPU
		{F76CD08F-3312-45AD-A343-4FC3E43575D3}.Debug|x86.Build.0 = Debug|Any CPU
		{F76CD08F-3312-45AD-A343-4FC3E43575D3}.Release|Any CPU.ActiveCfg = Release|Any CPU
		{F76CD08F-3312-45AD-A343-4FC3E43575D3}.Release|Any CPU.Build.0 = Release|Any CPU
		{F76CD08F-3312-45AD-A343-4FC3E43575D3}.Release|x64.ActiveCfg = Release|Any CPU
		{F76CD08F-3312-45AD-A343-4FC3E43575D3}.Release|x64.Build.0 = Release|Any CPU
		{F76CD08F-3312-45AD-A343-4FC3E43575D3}.Release|x86.ActiveCfg = Release|Any CPU
		{F76CD08F-3312-45AD-A343-4FC3E43575D3}.Release|x86.Build.0 = Release|Any CPU
		{C288DAC7-E46D-49DD-BDA6-07056718CCD1}.Debug|Any CPU.ActiveCfg = Debug|Any CPU
		{C288DAC7-E46D-49DD-BDA6-07056718CCD1}.Debug|Any CPU.Build.0 = Debug|Any CPU
		{C288DAC7-E46D-49DD-BDA6-07056718CCD1}.Debug|x64.ActiveCfg = Debug|Any CPU
		{C288DAC7-E46D-49DD-BDA6-07056718CCD1}.Debug|x64.Build.0 = Debug|Any CPU
		{C288DAC7-E46D-49DD-BDA6-07056718CCD1}.Debug|x86.ActiveCfg = Debug|Any CPU
		{C288DAC7-E46D-49DD-BDA6-07056718CCD1}.Debug|x86.Build.0 = Debug|Any CPU
		{C288DAC7-E46D-49DD-BDA6-07056718CCD1}.Release|Any CPU.ActiveCfg = Release|Any CPU
		{C288DAC7-E46D-49DD-BDA6-07056718CCD1}.Release|Any CPU.Build.0 = Release|Any CPU
		{C288DAC7-E46D-49DD-BDA6-07056718CCD1}.Release|x64.ActiveCfg = Release|Any CPU
		{C288DAC7-E46D-49DD-BDA6-07056718CCD1}.Release|x64.Build.0 = Release|Any CPU
		{C288DAC7-E46D-49DD-BDA6-07056718CCD1}.Release|x86.ActiveCfg = Release|Any CPU
		{C288DAC7-E46D-49DD-BDA6-07056718CCD1}.Release|x86.Build.0 = Release|Any CPU
		{0990355F-2268-4DEE-8A48-113375CDC175}.Debug|Any CPU.ActiveCfg = Debug|Any CPU
		{0990355F-2268-4DEE-8A48-113375CDC175}.Debug|Any CPU.Build.0 = Debug|Any CPU
		{0990355F-2268-4DEE-8A48-113375CDC175}.Debug|x64.ActiveCfg = Debug|Any CPU
		{0990355F-2268-4DEE-8A48-113375CDC175}.Debug|x64.Build.0 = Debug|Any CPU
		{0990355F-2268-4DEE-8A48-113375CDC175}.Debug|x86.ActiveCfg = Debug|Any CPU
		{0990355F-2268-4DEE-8A48-113375CDC175}.Debug|x86.Build.0 = Debug|Any CPU
		{0990355F-2268-4DEE-8A48-113375CDC175}.Release|Any CPU.ActiveCfg = Release|Any CPU
		{0990355F-2268-4DEE-8A48-113375CDC175}.Release|Any CPU.Build.0 = Release|Any CPU
		{0990355F-2268-4DEE-8A48-113375CDC175}.Release|x64.ActiveCfg = Release|Any CPU
		{0990355F-2268-4DEE-8A48-113375CDC175}.Release|x64.Build.0 = Release|Any CPU
		{0990355F-2268-4DEE-8A48-113375CDC175}.Release|x86.ActiveCfg = Release|Any CPU
		{0990355F-2268-4DEE-8A48-113375CDC175}.Release|x86.Build.0 = Release|Any CPU
	EndGlobalSection
	GlobalSection(SolutionProperties) = preSolution
		HideSolutionNode = FALSE
	EndGlobalSection
	GlobalSection(ExtensibilityGlobals) = postSolution
		SolutionGuid = {6F0A5CD5-0295-4C2E-8CB0-26287E3A945D}
	EndGlobalSection
EndGlobal
